
Microsoft Visual Studio Solution File, Format Version 12.00
# Visual Studio Version 17
VisualStudioVersion = 17.14.36518.9
MinimumVisualStudioVersion = 10.0.40219.1
Project("{FAE04EC0-301F-11D3-BF4B-00C04F79EFBC}") = "BoardPegs", "BoardPegs\BoardPegs.csproj", "{A0D42F56-6A57-4384-81BE-55E3BAF51E16}"
EndProject
Project("{FAE04EC0-301F-11D3-BF4B-00C04F79EFBC}") = "HoverPads", "HoverPads\HoverPads.csproj", "{A0613E63-9C42-4C76-8131-6C09058A5FB6}"
EndProject
Project("{FAE04EC0-301F-11D3-BF4B-00C04F79EFBC}") = "AttikittySelectionTools", "AttikittySelectionTools\AttikittySelectionTools.csproj", "{0341B47C-46A5-4C63-A3B6-57AADC5CF3E2}"
EndProject
Global
	GlobalSection(SolutionConfigurationPlatforms) = preSolution
		Debug|Any CPU = Debug|Any CPU
		Release|Any CPU = Release|Any CPU
	EndGlobalSection
	GlobalSection(ProjectConfigurationPlatforms) = postSolution
		{A0D42F56-6A57-4384-81BE-55E3BAF51E16}.Debug|Any CPU.ActiveCfg = Debug|Any CPU
		{A0D42F56-6A57-4384-81BE-55E3BAF51E16}.Debug|Any CPU.Build.0 = Debug|Any CPU
		{A0D42F56-6A57-4384-81BE-55E3BAF51E16}.Release|Any CPU.ActiveCfg = Release|Any CPU
		{A0D42F56-6A57-4384-81BE-55E3BAF51E16}.Release|Any CPU.Build.0 = Release|Any CPU
		{A0613E63-9C42-4C76-8131-6C09058A5FB6}.Debug|Any CPU.ActiveCfg = Debug|Any CPU
		{A0613E63-9C42-4C76-8131-6C09058A5FB6}.Debug|Any CPU.Build.0 = Debug|Any CPU
		{A0613E63-9C42-4C76-8131-6C09058A5FB6}.Release|Any CPU.ActiveCfg = Release|Any CPU
		{A0613E63-9C42-4C76-8131-6C09058A5FB6}.Release|Any CPU.Build.0 = Release|Any CPU
		{0341B47C-46A5-4C63-A3B6-57AADC5CF3E2}.Debug|Any CPU.ActiveCfg = Debug|Any CPU
		{0341B47C-46A5-4C63-A3B6-57AADC5CF3E2}.Debug|Any CPU.Build.0 = Debug|Any CPU
		{0341B47C-46A5-4C63-A3B6-57AADC5CF3E2}.Release|Any CPU.ActiveCfg = Release|Any CPU
		{0341B47C-46A5-4C63-A3B6-57AADC5CF3E2}.Release|Any CPU.Build.0 = Release|Any CPU
	EndGlobalSection
	GlobalSection(SolutionProperties) = preSolution
		HideSolutionNode = FALSE
	EndGlobalSection
	GlobalSection(ExtensibilityGlobals) = postSolution
		SolutionGuid = {EDB095BC-31D8-415C-BD6B-B3679DA09FD6}
	EndGlobalSection
EndGlobal
